
Microsoft Visual Studio Solution File, Format Version 12.00
# Visual Studio 14
VisualStudioVersion = 14.0.25123.0
MinimumVisualStudioVersion = 10.0.40219.1
Project("{FAE04EC0-301F-11D3-BF4B-00C04F79EFBC}") = "TFLP", "TFLP\TFLP.csproj", "{C614E854-7A10-430C-AFAA-F218B6E7204D}"
EndProject
Project("{FAE04EC0-301F-11D3-BF4B-00C04F79EFBC}") = "TFLP.Controllers", "TFLP.Controllers\TFLP.Controllers.csproj", "{E345CE63-235B-419B-9B95-2BF342E3E55C}"
EndProject
Project("{2150E333-8FDC-42A3-9474-1A3956D46DE8}") = "Arquivos de teste", "Arquivos de teste", "{E72A719D-F458-46CD-AD23-7BD0EA13A7E9}"
	ProjectSection(SolutionItems) = preProject
		arquivo_teste_1.txt = arquivo_teste_1.txt
	EndProjectSection
EndProject
Project("{FAE04EC0-301F-11D3-BF4B-00C04F79EFBC}") = "TFLP.Entidades", "TFLP.Entidades\TFLP.Entidades.csproj", "{C6C84E3D-81EA-4F80-912C-2069D6944073}"
EndProject
Project("{FAE04EC0-301F-11D3-BF4B-00C04F79EFBC}") = "TFLP.Comum", "TFLP.Comum\TFLP.Comum.csproj", "{4C8AFE30-4C49-4375-8AE2-43E6552B9F7F}"
EndProject
Global
	GlobalSection(SolutionConfigurationPlatforms) = preSolution
		Debug|Any CPU = Debug|Any CPU
		Release|Any CPU = Release|Any CPU
	EndGlobalSection
	GlobalSection(ProjectConfigurationPlatforms) = postSolution
		{C614E854-7A10-430C-AFAA-F218B6E7204D}.Debug|Any CPU.ActiveCfg = Debug|Any CPU
		{C614E854-7A10-430C-AFAA-F218B6E7204D}.Debug|Any CPU.Build.0 = Debug|Any CPU
		{C614E854-7A10-430C-AFAA-F218B6E7204D}.Release|Any CPU.ActiveCfg = Release|Any CPU
		{C614E854-7A10-430C-AFAA-F218B6E7204D}.Release|Any CPU.Build.0 = Release|Any CPU
		{E345CE63-235B-419B-9B95-2BF342E3E55C}.Debug|Any CPU.ActiveCfg = Debug|Any CPU
		{E345CE63-235B-419B-9B95-2BF342E3E55C}.Debug|Any CPU.Build.0 = Debug|Any CPU
		{E345CE63-235B-419B-9B95-2BF342E3E55C}.Release|Any CPU.ActiveCfg = Release|Any CPU
		{E345CE63-235B-419B-9B95-2BF342E3E55C}.Release|Any CPU.Build.0 = Release|Any CPU
		{C6C84E3D-81EA-4F80-912C-2069D6944073}.Debug|Any CPU.ActiveCfg = Debug|Any CPU
		{C6C84E3D-81EA-4F80-912C-2069D6944073}.Debug|Any CPU.Build.0 = Debug|Any CPU
		{C6C84E3D-81EA-4F80-912C-2069D6944073}.Release|Any CPU.ActiveCfg = Release|Any CPU
		{C6C84E3D-81EA-4F80-912C-2069D6944073}.Release|Any CPU.Build.0 = Release|Any CPU
		{4C8AFE30-4C49-4375-8AE2-43E6552B9F7F}.Debug|Any CPU.ActiveCfg = Debug|Any CPU
		{4C8AFE30-4C49-4375-8AE2-43E6552B9F7F}.Debug|Any CPU.Build.0 = Debug|Any CPU
		{4C8AFE30-4C49-4375-8AE2-43E6552B9F7F}.Release|Any CPU.ActiveCfg = Release|Any CPU
		{4C8AFE30-4C49-4375-8AE2-43E6552B9F7F}.Release|Any CPU.Build.0 = Release|Any CPU
	EndGlobalSection
	GlobalSection(SolutionProperties) = preSolution
		HideSolutionNode = FALSE
	EndGlobalSection
EndGlobal
